
Microsoft Visual Studio Solution File, Format Version 12.00
# Visual Studio Version 16
VisualStudioVersion = 16.0.29519.181
MinimumVisualStudioVersion = 10.0.40219.1
Project("{FAE04EC0-301F-11D3-BF4B-00C04F79EFBC}") = "PlanChecker", "PlanChecker.csproj", "{A905C09C-F12A-4317-8E00-4C1A1F17B81C}"
EndProject
Global
	GlobalSection(SolutionConfigurationPlatforms) = preSolution
		Debug|Any CPU = Debug|Any CPU
		Debug|x64 = Debug|x64
		Release|Any CPU = Release|Any CPU
		Release|x64 = Release|x64
	EndGlobalSection
	GlobalSection(ProjectConfigurationPlatforms) = postSolution
		{A905C09C-F12A-4317-8E00-4C1A1F17B81C}.Debug|Any CPU.ActiveCfg = Debug|Any CPU
		{A905C09C-F12A-4317-8E00-4C1A1F17B81C}.Debug|Any CPU.Build.0 = Debug|Any CPU
		{A905C09C-F12A-4317-8E00-4C1A1F17B81C}.Debug|x64.ActiveCfg = Debug|x64
		{A905C09C-F12A-4317-8E00-4C1A1F17B81C}.Debug|x64.Build.0 = Debug|x64
		{A905C09C-F12A-4317-8E00-4C1A1F17B81C}.Release|Any CPU.ActiveCfg = Release|Any CPU
		{A905C09C-F12A-4317-8E00-4C1A1F17B81C}.Release|Any CPU.Build.0 = Release|Any CPU
		{A905C09C-F12A-4317-8E00-4C1A1F17B81C}.Release|x64.ActiveCfg = Release|x64
		{A905C09C-F12A-4317-8E00-4C1A1F17B81C}.Release|x64.Build.0 = Release|x64
	EndGlobalSection
	GlobalSection(SolutionProperties) = preSolution
		HideSolutionNode = FALSE
	EndGlobalSection
	GlobalSection(ExtensibilityGlobals) = postSolution
		SolutionGuid = {2427E1C9-326D-4EE7-9675-30F673A969E9}
	EndGlobalSection
EndGlobal
